
Microsoft Visual Studio Solution File, Format Version 12.00
Project("{FAE04EC0-301F-11D3-BF4B-00C04F79EFBC}") = "HttpClientLesson", "HttpClientLesson\HttpClientLesson.csproj", "{65511621-16D3-4374-A939-6522FF76A767}"
EndProject
Global
	GlobalSection(SolutionConfigurationPlatforms) = preSolution
		Debug|Any CPU = Debug|Any CPU
		Release|Any CPU = Release|Any CPU
	EndGlobalSection
	GlobalSection(ProjectConfigurationPlatforms) = postSolution
		{65511621-16D3-4374-A939-6522FF76A767}.Debug|Any CPU.ActiveCfg = Debug|Any CPU
		{65511621-16D3-4374-A939-6522FF76A767}.Debug|Any CPU.Build.0 = Debug|Any CPU
		{65511621-16D3-4374-A939-6522FF76A767}.Release|Any CPU.ActiveCfg = Release|Any CPU
		{65511621-16D3-4374-A939-6522FF76A767}.Release|Any CPU.Build.0 = Release|Any CPU
	EndGlobalSection
EndGlobal
